
Microsoft Visual Studio Solution File, Format Version 11.00
# Visual Studio 2010
Project("{FAE04EC0-301F-11D3-BF4B-00C04F79EFBC}") = "FIDECINEWeb", "FIDECINEWeb\FIDECINEWeb.csproj", "{AFF159AD-A905-4DBD-B114-51864EA11300}"
	ProjectSection(ProjectDependencies) = postProject
		{EB8C0428-9842-4020-9577-F5F2C6E24465} = {EB8C0428-9842-4020-9577-F5F2C6E24465}
	EndProjectSection
EndProject
Project("{FAE04EC0-301F-11D3-BF4B-00C04F79EFBC}") = "FIDECINEService", "FIDECINEService\FIDECINEService.csproj", "{EB8C0428-9842-4020-9577-F5F2C6E24465}"
EndProject
Project("{FAE04EC0-301F-11D3-BF4B-00C04F79EFBC}") = "FIDECINETest", "FIDECINETest\FIDECINETest.csproj", "{FA4F084F-B75F-4B3B-8AC2-266FA04343E2}"
EndProject
Project("{2150E333-8FDC-42A3-9474-1A3956D46DE8}") = "Solution Items", "Solution Items", "{71914A75-CE87-403E-84B4-275D31A83279}"
	ProjectSection(SolutionItems) = preProject
		IOExceptionSolution.vsmdi = IOExceptionSolution.vsmdi
		Local.testsettings = Local.testsettings
		TraceAndTestImpact.testsettings = TraceAndTestImpact.testsettings
	EndProjectSection
EndProject
Project("{FAE04EC0-301F-11D3-BF4B-00C04F79EFBC}") = "FIDECINEConsole", "FIDECINEConsole\FIDECINEConsole.csproj", "{FDA38379-55F8-4802-B018-ABE83ECDC273}"
EndProject
Project("{2150E333-8FDC-42A3-9474-1A3956D46DE8}") = "Librerias", "Librerias", "{72749E50-5D8B-4B3B-AFD0-D8829A8A1878}"
	ProjectSection(SolutionItems) = preProject
		Librerias\Iesi.Collections.dll = Librerias\Iesi.Collections.dll
		Librerias\NHibernate.dll = Librerias\NHibernate.dll
	EndProjectSection
EndProject
Project("{2150E333-8FDC-42A3-9474-1A3956D46DE8}") = "BaseDatos", "BaseDatos", "{4D210845-ECBB-459E-890D-8E498C23905B}"
	ProjectSection(SolutionItems) = preProject
		BaseDatos\FideCine.sql = BaseDatos\FideCine.sql
		script_inserts.sql = script_inserts.sql
	EndProjectSection
EndProject
Global
	GlobalSection(SubversionScc) = preSolution
		Svn-Managed = True
		Manager = AnkhSVN - Subversion Support for Visual Studio
	EndGlobalSection
	GlobalSection(TestCaseManagementSettings) = postSolution
		CategoryFile = IOExceptionSolution.vsmdi
	EndGlobalSection
	GlobalSection(SolutionConfigurationPlatforms) = preSolution
		Debug|Any CPU = Debug|Any CPU
		Debug|Mixed Platforms = Debug|Mixed Platforms
		Debug|x86 = Debug|x86
		Release|Any CPU = Release|Any CPU
		Release|Mixed Platforms = Release|Mixed Platforms
		Release|x86 = Release|x86
	EndGlobalSection
	GlobalSection(ProjectConfigurationPlatforms) = postSolution
		{AFF159AD-A905-4DBD-B114-51864EA11300}.Debug|Any CPU.ActiveCfg = Debug|Any CPU
		{AFF159AD-A905-4DBD-B114-51864EA11300}.Debug|Any CPU.Build.0 = Debug|Any CPU
		{AFF159AD-A905-4DBD-B114-51864EA11300}.Debug|Mixed Platforms.ActiveCfg = Debug|Any CPU
		{AFF159AD-A905-4DBD-B114-51864EA11300}.Debug|Mixed Platforms.Build.0 = Debug|Any CPU
		{AFF159AD-A905-4DBD-B114-51864EA11300}.Debug|x86.ActiveCfg = Debug|Any CPU
		{AFF159AD-A905-4DBD-B114-51864EA11300}.Release|Any CPU.ActiveCfg = Release|Any CPU
		{AFF159AD-A905-4DBD-B114-51864EA11300}.Release|Any CPU.Build.0 = Release|Any CPU
		{AFF159AD-A905-4DBD-B114-51864EA11300}.Release|Mixed Platforms.ActiveCfg = Release|Any CPU
		{AFF159AD-A905-4DBD-B114-51864EA11300}.Release|Mixed Platforms.Build.0 = Release|Any CPU
		{AFF159AD-A905-4DBD-B114-51864EA11300}.Release|x86.ActiveCfg = Release|Any CPU
		{EB8C0428-9842-4020-9577-F5F2C6E24465}.Debug|Any CPU.ActiveCfg = Debug|Any CPU
		{EB8C0428-9842-4020-9577-F5F2C6E24465}.Debug|Any CPU.Build.0 = Debug|Any CPU
		{EB8C0428-9842-4020-9577-F5F2C6E24465}.Debug|Mixed Platforms.ActiveCfg = Debug|Any CPU
		{EB8C0428-9842-4020-9577-F5F2C6E24465}.Debug|Mixed Platforms.Build.0 = Debug|Any CPU
		{EB8C0428-9842-4020-9577-F5F2C6E24465}.Debug|x86.ActiveCfg = Debug|Any CPU
		{EB8C0428-9842-4020-9577-F5F2C6E24465}.Release|Any CPU.ActiveCfg = Release|Any CPU
		{EB8C0428-9842-4020-9577-F5F2C6E24465}.Release|Any CPU.Build.0 = Release|Any CPU
		{EB8C0428-9842-4020-9577-F5F2C6E24465}.Release|Mixed Platforms.ActiveCfg = Release|Any CPU
		{EB8C0428-9842-4020-9577-F5F2C6E24465}.Release|Mixed Platforms.Build.0 = Release|Any CPU
		{EB8C0428-9842-4020-9577-F5F2C6E24465}.Release|x86.ActiveCfg = Release|Any CPU
		{FA4F084F-B75F-4B3B-8AC2-266FA04343E2}.Debug|Any CPU.ActiveCfg = Debug|Any CPU
		{FA4F084F-B75F-4B3B-8AC2-266FA04343E2}.Debug|Any CPU.Build.0 = Debug|Any CPU
		{FA4F084F-B75F-4B3B-8AC2-266FA04343E2}.Debug|Mixed Platforms.ActiveCfg = Debug|Any CPU
		{FA4F084F-B75F-4B3B-8AC2-266FA04343E2}.Debug|Mixed Platforms.Build.0 = Debug|Any CPU
		{FA4F084F-B75F-4B3B-8AC2-266FA04343E2}.Debug|x86.ActiveCfg = Debug|Any CPU
		{FA4F084F-B75F-4B3B-8AC2-266FA04343E2}.Release|Any CPU.ActiveCfg = Release|Any CPU
		{FA4F084F-B75F-4B3B-8AC2-266FA04343E2}.Release|Any CPU.Build.0 = Release|Any CPU
		{FA4F084F-B75F-4B3B-8AC2-266FA04343E2}.Release|Mixed Platforms.ActiveCfg = Release|Any CPU
		{FA4F084F-B75F-4B3B-8AC2-266FA04343E2}.Release|Mixed Platforms.Build.0 = Release|Any CPU
		{FA4F084F-B75F-4B3B-8AC2-266FA04343E2}.Release|x86.ActiveCfg = Release|Any CPU
		{FDA38379-55F8-4802-B018-ABE83ECDC273}.Debug|Any CPU.ActiveCfg = Debug|x86
		{FDA38379-55F8-4802-B018-ABE83ECDC273}.Debug|Mixed Platforms.ActiveCfg = Debug|x86
		{FDA38379-55F8-4802-B018-ABE83ECDC273}.Debug|Mixed Platforms.Build.0 = Debug|x86
		{FDA38379-55F8-4802-B018-ABE83ECDC273}.Debug|x86.ActiveCfg = Debug|x86
		{FDA38379-55F8-4802-B018-ABE83ECDC273}.Debug|x86.Build.0 = Debug|x86
		{FDA38379-55F8-4802-B018-ABE83ECDC273}.Release|Any CPU.ActiveCfg = Release|x86
		{FDA38379-55F8-4802-B018-ABE83ECDC273}.Release|Mixed Platforms.ActiveCfg = Release|x86
		{FDA38379-55F8-4802-B018-ABE83ECDC273}.Release|Mixed Platforms.Build.0 = Release|x86
		{FDA38379-55F8-4802-B018-ABE83ECDC273}.Release|x86.ActiveCfg = Release|x86
		{FDA38379-55F8-4802-B018-ABE83ECDC273}.Release|x86.Build.0 = Release|x86
	EndGlobalSection
	GlobalSection(SolutionProperties) = preSolution
		HideSolutionNode = FALSE
	EndGlobalSection
EndGlobal
